[[package]]
category = "main"
description = "pathvalidate is a Python library to sanitize/validate a string such as filenames/file-paths/etc."
name = "pathvalidate"
optional = false
python-versions = ">=3.5"
version = "2.3.0"

[package.extras]
test = ["allpairspy", "click", "faker", "pytest"]

[metadata]
content-hash = "3ee2ce6fbf46d920a675be34397ec8c43733d7b9b2579f94af74e186fcd0f812"
python-versions = "^3.8"

[metadata.files]
pathvalidate = [
    {file = "pathvalidate-2.3.0-py3-none-any.whl", hash = "sha256:1697c8ea71ff4c48e7aa0eda72fe4581404be8f41e51a17363ef682dd6824d35"},
    {file = "pathvalidate-2.3.0.tar.gz", hash = "sha256:32d30dbacb711c16bb188b12ce7e9a46b41785f50a12f64500f747480a4b6ee3"},
]
